
Microsoft Visual Studio Solution File, Format Version 12.00
# Visual Studio Version 17
VisualStudioVersion = 17.11.35303.130
MinimumVisualStudioVersion = 10.0.40219.1
Project("{2150E333-8FDC-42A3-9474-1A3956D46DE8}") = "Task0", "Task0", "{AFC4845D-6F94-4816-BB27-AF5F05D94918}"
EndProject
Project("{9A19103F-16F7-4668-BE54-9A1E7A4F7556}") = "Tyuiu.TalalaevaAV.Sprint5.Task0.V1", "Tyuiu.TalalaevaAV.Sprint5.Task0.V1\Tyuiu.TalalaevaAV.Sprint5.Task0.V1.csproj", "{BF24B302-A74C-4557-BDC3-3FDAAA2F647C}"
EndProject
Project("{9A19103F-16F7-4668-BE54-9A1E7A4F7556}") = "Tyuiu.TalalaevaAV.Sprint5.Task0.V1.Lib", "Tyuiu.TalalaevaAV.Sprint5.Task0.V1.Lib\Tyuiu.TalalaevaAV.Sprint5.Task0.V1.Lib.csproj", "{50D40574-25C2-45F7-9720-087C02976174}"
EndProject
Project("{9A19103F-16F7-4668-BE54-9A1E7A4F7556}") = "Tyuiu.TalalaevaAV.Sprint5.Task0.V1.Test", "Tyuiu.TalalaevaAV.Sprint5.Task0.V1.Test\Tyuiu.TalalaevaAV.Sprint5.Task0.V1.Test.csproj", "{47FC0719-8163-4A7F-815B-230EA0955CBC}"
EndProject
Project("{2150E333-8FDC-42A3-9474-1A3956D46DE8}") = "Task1", "Task1", "{E6EE1B07-D154-4216-BA26-3F79CAF15A28}"
EndProject
Project("{FAE04EC0-301F-11D3-BF4B-00C04F79EFBC}") = "Tyuiu.TalalaevaAV.Sprint5.Task1.V6", "Tyuiu.TalalaevaAV.Sprint5.Task1.V6\Tyuiu.TalalaevaAV.Sprint5.Task1.V6.csproj", "{638E041D-F65F-47A3-B138-BD8FEE5549B8}"
EndProject
Project("{FAE04EC0-301F-11D3-BF4B-00C04F79EFBC}") = "Tyuiu.TalalaevaAV.Sprint5.Task1.V6.Lib", "Tyuiu.TalalaevaAV.Sprint5.Task1.V6.Lib\Tyuiu.TalalaevaAV.Sprint5.Task1.V6.Lib.csproj", "{9F976473-A1EB-4FA8-9F36-E33CAAF8D55A}"
EndProject
Project("{FAE04EC0-301F-11D3-BF4B-00C04F79EFBC}") = "Tyuiu.TalalaevaAV.Sprint5.Task1.V6.Test", "Tyuiu.TalalaevaAV.Sprint5.Task1.V6.Test\Tyuiu.TalalaevaAV.Sprint5.Task1.V6.Test.csproj", "{383A0E55-8AB0-4A9C-A9BA-4FA711A151BB}"
EndProject
Project("{2150E333-8FDC-42A3-9474-1A3956D46DE8}") = "Task2", "Task2", "{61C59544-A237-4AFB-A4C6-550EA83D1E75}"
EndProject
Project("{2150E333-8FDC-42A3-9474-1A3956D46DE8}") = "Task3", "Task3", "{227A6CB3-7054-42C9-8C10-72855C6AC4DC}"
EndProject
Project("{FAE04EC0-301F-11D3-BF4B-00C04F79EFBC}") = "Tyuiu.TalalaevaAV.Sprint5.Task2.V9", "Tyuiu.TalalaevaAV.Sprint5.Task2.V9\Tyuiu.TalalaevaAV.Sprint5.Task2.V9.csproj", "{12309459-B785-4448-8FAA-DC10DC13F968}"
EndProject
Project("{FAE04EC0-301F-11D3-BF4B-00C04F79EFBC}") = "Tyuiu.TalalaevaAV.Sprint5.Task2.V9.Lib", "Tyuiu.TalalaevaAV.Sprint5.Task2.V9.Lib\Tyuiu.TalalaevaAV.Sprint5.Task2.V9.Lib.csproj", "{34E9FE20-3802-43A8-9408-9373832F0877}"
EndProject
Project("{FAE04EC0-301F-11D3-BF4B-00C04F79EFBC}") = "Tyuiu.TalalaevaAV.Sprint5.Task2.V9.Test", "Tyuiu.TalalaevaAV.Sprint5.Task2.V9.Test\Tyuiu.TalalaevaAV.Sprint5.Task2.V9.Test.csproj", "{763D197C-4AB9-4CAB-9D2B-0529F76E92AA}"
EndProject
Global
	GlobalSection(SolutionConfigurationPlatforms) = preSolution
		Debug|Any CPU = Debug|Any CPU
		Release|Any CPU = Release|Any CPU
	EndGlobalSection
	GlobalSection(ProjectConfigurationPlatforms) = postSolution
		{BF24B302-A74C-4557-BDC3-3FDAAA2F647C}.Debug|Any CPU.ActiveCfg = Debug|Any CPU
		{BF24B302-A74C-4557-BDC3-3FDAAA2F647C}.Debug|Any CPU.Build.0 = Debug|Any CPU
		{BF24B302-A74C-4557-BDC3-3FDAAA2F647C}.Release|Any CPU.ActiveCfg = Release|Any CPU
		{BF24B302-A74C-4557-BDC3-3FDAAA2F647C}.Release|Any CPU.Build.0 = Release|Any CPU
		{50D40574-25C2-45F7-9720-087C02976174}.Debug|Any CPU.ActiveCfg = Debug|Any CPU
		{50D40574-25C2-45F7-9720-087C02976174}.Debug|Any CPU.Build.0 = Debug|Any CPU
		{50D40574-25C2-45F7-9720-087C02976174}.Release|Any CPU.ActiveCfg = Release|Any CPU
		{50D40574-25C2-45F7-9720-087C02976174}.Release|Any CPU.Build.0 = Release|Any CPU
		{47FC0719-8163-4A7F-815B-230EA0955CBC}.Debug|Any CPU.ActiveCfg = Debug|Any CPU
		{47FC0719-8163-4A7F-815B-230EA0955CBC}.Debug|Any CPU.Build.0 = Debug|Any CPU
		{47FC0719-8163-4A7F-815B-230EA0955CBC}.Release|Any CPU.ActiveCfg = Release|Any CPU
		{47FC0719-8163-4A7F-815B-230EA0955CBC}.Release|Any CPU.Build.0 = Release|Any CPU
		{638E041D-F65F-47A3-B138-BD8FEE5549B8}.Debug|Any CPU.ActiveCfg = Debug|Any CPU
		{638E041D-F65F-47A3-B138-BD8FEE5549B8}.Debug|Any CPU.Build.0 = Debug|Any CPU
		{638E041D-F65F-47A3-B138-BD8FEE5549B8}.Release|Any CPU.ActiveCfg = Release|Any CPU
		{638E041D-F65F-47A3-B138-BD8FEE5549B8}.Release|Any CPU.Build.0 = Release|Any CPU
		{9F976473-A1EB-4FA8-9F36-E33CAAF8D55A}.Debug|Any CPU.ActiveCfg = Debug|Any CPU
		{9F976473-A1EB-4FA8-9F36-E33CAAF8D55A}.Debug|Any CPU.Build.0 = Debug|Any CPU
		{9F976473-A1EB-4FA8-9F36-E33CAAF8D55A}.Release|Any CPU.ActiveCfg = Release|Any CPU
		{9F976473-A1EB-4FA8-9F36-E33CAAF8D55A}.Release|Any CPU.Build.0 = Release|Any CPU
		{383A0E55-8AB0-4A9C-A9BA-4FA711A151BB}.Debug|Any CPU.ActiveCfg = Debug|Any CPU
		{383A0E55-8AB0-4A9C-A9BA-4FA711A151BB}.Debug|Any CPU.Build.0 = Debug|Any CPU
		{383A0E55-8AB0-4A9C-A9BA-4FA711A151BB}.Release|Any CPU.ActiveCfg = Release|Any CPU
		{383A0E55-8AB0-4A9C-A9BA-4FA711A151BB}.Release|Any CPU.Build.0 = Release|Any CPU
		{12309459-B785-4448-8FAA-DC10DC13F968}.Debug|Any CPU.ActiveCfg = Debug|Any CPU
		{12309459-B785-4448-8FAA-DC10DC13F968}.Debug|Any CPU.Build.0 = Debug|Any CPU
		{12309459-B785-4448-8FAA-DC10DC13F968}.Release|Any CPU.ActiveCfg = Release|Any CPU
		{12309459-B785-4448-8FAA-DC10DC13F968}.Release|Any CPU.Build.0 = Release|Any CPU
		{34E9FE20-3802-43A8-9408-9373832F0877}.Debug|Any CPU.ActiveCfg = Debug|Any CPU
		{34E9FE20-3802-43A8-9408-9373832F0877}.Debug|Any CPU.Build.0 = Debug|Any CPU
		{34E9FE20-3802-43A8-9408-9373832F0877}.Release|Any CPU.ActiveCfg = Release|Any CPU
		{34E9FE20-3802-43A8-9408-9373832F0877}.Release|Any CPU.Build.0 = Release|Any CPU
		{763D197C-4AB9-4CAB-9D2B-0529F76E92AA}.Debug|Any CPU.ActiveCfg = Debug|Any CPU
		{763D197C-4AB9-4CAB-9D2B-0529F76E92AA}.Debug|Any CPU.Build.0 = Debug|Any CPU
		{763D197C-4AB9-4CAB-9D2B-0529F76E92AA}.Release|Any CPU.ActiveCfg = Release|Any CPU
		{763D197C-4AB9-4CAB-9D2B-0529F76E92AA}.Release|Any CPU.Build.0 = Release|Any CPU
	EndGlobalSection
	GlobalSection(SolutionProperties) = preSolution
		HideSolutionNode = FALSE
	EndGlobalSection
	GlobalSection(NestedProjects) = preSolution
		{BF24B302-A74C-4557-BDC3-3FDAAA2F647C} = {AFC4845D-6F94-4816-BB27-AF5F05D94918}
		{50D40574-25C2-45F7-9720-087C02976174} = {AFC4845D-6F94-4816-BB27-AF5F05D94918}
		{47FC0719-8163-4A7F-815B-230EA0955CBC} = {AFC4845D-6F94-4816-BB27-AF5F05D94918}
		{638E041D-F65F-47A3-B138-BD8FEE5549B8} = {E6EE1B07-D154-4216-BA26-3F79CAF15A28}
		{9F976473-A1EB-4FA8-9F36-E33CAAF8D55A} = {E6EE1B07-D154-4216-BA26-3F79CAF15A28}
		{383A0E55-8AB0-4A9C-A9BA-4FA711A151BB} = {E6EE1B07-D154-4216-BA26-3F79CAF15A28}
		{12309459-B785-4448-8FAA-DC10DC13F968} = {61C59544-A237-4AFB-A4C6-550EA83D1E75}
		{34E9FE20-3802-43A8-9408-9373832F0877} = {61C59544-A237-4AFB-A4C6-550EA83D1E75}
		{763D197C-4AB9-4CAB-9D2B-0529F76E92AA} = {61C59544-A237-4AFB-A4C6-550EA83D1E75}
	EndGlobalSection
	GlobalSection(ExtensibilityGlobals) = postSolution
		SolutionGuid = {C638CDC9-9024-4148-B678-9F279958213F}
	EndGlobalSection
EndGlobal
