
Microsoft Visual Studio Solution File, Format Version 12.00
# Visual Studio Version 17
VisualStudioVersion = 17.11.35303.130
MinimumVisualStudioVersion = 10.0.40219.1
Project("{2150E333-8FDC-42A3-9474-1A3956D46DE8}") = "Task0", "Task0", "{AFC4845D-6F94-4816-BB27-AF5F05D94918}"
EndProject
Project("{9A19103F-16F7-4668-BE54-9A1E7A4F7556}") = "Tyuiu.TalalaevaAV.Sprint5.Task0.V1", "Tyuiu.TalalaevaAV.Sprint5.Task0.V1\Tyuiu.TalalaevaAV.Sprint5.Task0.V1.csproj", "{BF24B302-A74C-4557-BDC3-3FDAAA2F647C}"
EndProject
Project("{9A19103F-16F7-4668-BE54-9A1E7A4F7556}") = "Tyuiu.TalalaevaAV.Sprint5.Task0.V1.Lib", "Tyuiu.TalalaevaAV.Sprint5.Task0.V1.Lib\Tyuiu.TalalaevaAV.Sprint5.Task0.V1.Lib.csproj", "{50D40574-25C2-45F7-9720-087C02976174}"
EndProject
Project("{9A19103F-16F7-4668-BE54-9A1E7A4F7556}") = "Tyuiu.TalalaevaAV.Sprint5.Task0.V1.Test", "Tyuiu.TalalaevaAV.Sprint5.Task0.V1.Test\Tyuiu.TalalaevaAV.Sprint5.Task0.V1.Test.csproj", "{47FC0719-8163-4A7F-815B-230EA0955CBC}"
EndProject
Project("{2150E333-8FDC-42A3-9474-1A3956D46DE8}") = "Task1", "Task1", "{E6EE1B07-D154-4216-BA26-3F79CAF15A28}"
EndProject
Project("{9A19103F-16F7-4668-BE54-9A1E7A4F7556}") = "Tyuiu.TalalaevaAV.Sprint5.Task1.V6", "Tyuiu.TalalaevaAV.Sprint5.Task1.V6\Tyuiu.TalalaevaAV.Sprint5.Task1.V6.csproj", "{638E041D-F65F-47A3-B138-BD8FEE5549B8}"
EndProject
Project("{9A19103F-16F7-4668-BE54-9A1E7A4F7556}") = "Tyuiu.TalalaevaAV.Sprint5.Task1.V6.Lib", "Tyuiu.TalalaevaAV.Sprint5.Task1.V6.Lib\Tyuiu.TalalaevaAV.Sprint5.Task1.V6.Lib.csproj", "{9F976473-A1EB-4FA8-9F36-E33CAAF8D55A}"
EndProject
Project("{9A19103F-16F7-4668-BE54-9A1E7A4F7556}") = "Tyuiu.TalalaevaAV.Sprint5.Task1.V6.Test", "Tyuiu.TalalaevaAV.Sprint5.Task1.V6.Test\Tyuiu.TalalaevaAV.Sprint5.Task1.V6.Test.csproj", "{383A0E55-8AB0-4A9C-A9BA-4FA711A151BB}"
EndProject
Project("{2150E333-8FDC-42A3-9474-1A3956D46DE8}") = "Task2", "Task2", "{61C59544-A237-4AFB-A4C6-550EA83D1E75}"
EndProject
Project("{2150E333-8FDC-42A3-9474-1A3956D46DE8}") = "Task3", "Task3", "{227A6CB3-7054-42C9-8C10-72855C6AC4DC}"
EndProject
Project("{9A19103F-16F7-4668-BE54-9A1E7A4F7556}") = "Tyuiu.TalalaevaAV.Sprint5.Task2.V9", "Tyuiu.TalalaevaAV.Sprint5.Task2.V9\Tyuiu.TalalaevaAV.Sprint5.Task2.V9.csproj", "{12309459-B785-4448-8FAA-DC10DC13F968}"
EndProject
Project("{9A19103F-16F7-4668-BE54-9A1E7A4F7556}") = "Tyuiu.TalalaevaAV.Sprint5.Task2.V9.Lib", "Tyuiu.TalalaevaAV.Sprint5.Task2.V9.Lib\Tyuiu.TalalaevaAV.Sprint5.Task2.V9.Lib.csproj", "{34E9FE20-3802-43A8-9408-9373832F0877}"
EndProject
Project("{9A19103F-16F7-4668-BE54-9A1E7A4F7556}") = "Tyuiu.TalalaevaAV.Sprint5.Task2.V9.Test", "Tyuiu.TalalaevaAV.Sprint5.Task2.V9.Test\Tyuiu.TalalaevaAV.Sprint5.Task2.V9.Test.csproj", "{763D197C-4AB9-4CAB-9D2B-0529F76E92AA}"
EndProject
Project("{9A19103F-16F7-4668-BE54-9A1E7A4F7556}") = "Tyuiu.TalalaevaAV.Sprint5.Task3.V24", "Tyuiu.TalalaevaAV.Sprint5.Task3.V24\Tyuiu.TalalaevaAV.Sprint5.Task3.V24.csproj", "{4B6B9925-4589-4509-85C1-C1334CADE04B}"
EndProject
Project("{9A19103F-16F7-4668-BE54-9A1E7A4F7556}") = "Tyuiu.TalalaevaAV.Sprint5.Task3.V24.Lib", "Tyuiu.TalalaevaAV.Sprint5.Task3.V24.Lib\Tyuiu.TalalaevaAV.Sprint5.Task3.V24.Lib.csproj", "{482E59E8-7FB9-4232-AD80-0B5A75D9A646}"
EndProject
Project("{9A19103F-16F7-4668-BE54-9A1E7A4F7556}") = "Tyuiu.TalalaevaAV.Sprint5.Task3.V24.Test", "Tyuiu.TalalaevaAV.Sprint5.Task3.V24.Test\Tyuiu.TalalaevaAV.Sprint5.Task3.V24.Test.csproj", "{86EE9CD9-A5D7-40BB-A2E0-FE19D481F216}"
EndProject
Project("{2150E333-8FDC-42A3-9474-1A3956D46DE8}") = "Task4", "Task4", "{47BAC451-13F5-4438-BA96-DB9B94219E72}"
EndProject
Project("{9A19103F-16F7-4668-BE54-9A1E7A4F7556}") = "Tyuiu.TalalaevaAV.Sprint5.Task4.V24", "Tyuiu.TalalaevaAV.Sprint5.Task4.V24\Tyuiu.TalalaevaAV.Sprint5.Task4.V24.csproj", "{11C68648-EA8E-4254-BDD9-D74DE4ADAB29}"
EndProject
Project("{9A19103F-16F7-4668-BE54-9A1E7A4F7556}") = "Tyuiu.TalalaevaAV.Sprint5.Task4.V24.Lib", "Tyuiu.TalalaevaAV.Sprint5.Task4.V24.Lib\Tyuiu.TalalaevaAV.Sprint5.Task4.V24.Lib.csproj", "{B8303219-42C3-4B35-AFD9-89525005BAEA}"
EndProject
Project("{9A19103F-16F7-4668-BE54-9A1E7A4F7556}") = "Tyuiu.TalalaevaAV.Sprint5.Task4.V24.Test", "Tyuiu.TalalaevaAV.Sprint5.Task4.V24.Test\Tyuiu.TalalaevaAV.Sprint5.Task4.V24.Test.csproj", "{5C3C0A07-6B53-4454-AFCD-9C21ED06FB7A}"
EndProject
Project("{2150E333-8FDC-42A3-9474-1A3956D46DE8}") = "Task5", "Task5", "{BECF3AD7-C7AF-40F8-A7BC-066900581F96}"
EndProject
Project("{FAE04EC0-301F-11D3-BF4B-00C04F79EFBC}") = "Tyuiu.TalalaevaAV.Sprint5.Task5.V30", "Tyuiu.TalalaevaAV.Sprint5.Task5.V30\Tyuiu.TalalaevaAV.Sprint5.Task5.V30.csproj", "{F3C59735-86F4-41C8-B83E-D8B4037BA019}"
EndProject
Project("{FAE04EC0-301F-11D3-BF4B-00C04F79EFBC}") = "Tyuiu.TalalaevaAV.Sprint5.Task5.V30.Lib", "Tyuiu.TalalaevaAV.Sprint5.Task5.V30.Lib\Tyuiu.TalalaevaAV.Sprint5.Task5.V30.Lib.csproj", "{AF457C83-1DA6-4ECB-B867-E3E683A65EE7}"
EndProject
Project("{FAE04EC0-301F-11D3-BF4B-00C04F79EFBC}") = "Tyuiu.TalalaevaAV.Sprint5.Task5.V30.Test", "Tyuiu.TalalaevaAV.Sprint5.Task5.V30.Test\Tyuiu.TalalaevaAV.Sprint5.Task5.V30.Test.csproj", "{99BEE239-30CB-47DD-9C94-DC893CAB533C}"
EndProject
Global
	GlobalSection(SolutionConfigurationPlatforms) = preSolution
		Debug|Any CPU = Debug|Any CPU
		Release|Any CPU = Release|Any CPU
	EndGlobalSection
	GlobalSection(ProjectConfigurationPlatforms) = postSolution
		{BF24B302-A74C-4557-BDC3-3FDAAA2F647C}.Debug|Any CPU.ActiveCfg = Debug|Any CPU
		{BF24B302-A74C-4557-BDC3-3FDAAA2F647C}.Debug|Any CPU.Build.0 = Debug|Any CPU
		{BF24B302-A74C-4557-BDC3-3FDAAA2F647C}.Release|Any CPU.ActiveCfg = Release|Any CPU
		{BF24B302-A74C-4557-BDC3-3FDAAA2F647C}.Release|Any CPU.Build.0 = Release|Any CPU
		{50D40574-25C2-45F7-9720-087C02976174}.Debug|Any CPU.ActiveCfg = Debug|Any CPU
		{50D40574-25C2-45F7-9720-087C02976174}.Debug|Any CPU.Build.0 = Debug|Any CPU
		{50D40574-25C2-45F7-9720-087C02976174}.Release|Any CPU.ActiveCfg = Release|Any CPU
		{50D40574-25C2-45F7-9720-087C02976174}.Release|Any CPU.Build.0 = Release|Any CPU
		{47FC0719-8163-4A7F-815B-230EA0955CBC}.Debug|Any CPU.ActiveCfg = Debug|Any CPU
		{47FC0719-8163-4A7F-815B-230EA0955CBC}.Debug|Any CPU.Build.0 = Debug|Any CPU
		{47FC0719-8163-4A7F-815B-230EA0955CBC}.Release|Any CPU.ActiveCfg = Release|Any CPU
		{47FC0719-8163-4A7F-815B-230EA0955CBC}.Release|Any CPU.Build.0 = Release|Any CPU
		{638E041D-F65F-47A3-B138-BD8FEE5549B8}.Debug|Any CPU.ActiveCfg = Debug|Any CPU
		{638E041D-F65F-47A3-B138-BD8FEE5549B8}.Debug|Any CPU.Build.0 = Debug|Any CPU
		{638E041D-F65F-47A3-B138-BD8FEE5549B8}.Release|Any CPU.ActiveCfg = Release|Any CPU
		{638E041D-F65F-47A3-B138-BD8FEE5549B8}.Release|Any CPU.Build.0 = Release|Any CPU
		{9F976473-A1EB-4FA8-9F36-E33CAAF8D55A}.Debug|Any CPU.ActiveCfg = Debug|Any CPU
		{9F976473-A1EB-4FA8-9F36-E33CAAF8D55A}.Debug|Any CPU.Build.0 = Debug|Any CPU
		{9F976473-A1EB-4FA8-9F36-E33CAAF8D55A}.Release|Any CPU.ActiveCfg = Release|Any CPU
		{9F976473-A1EB-4FA8-9F36-E33CAAF8D55A}.Release|Any CPU.Build.0 = Release|Any CPU
		{383A0E55-8AB0-4A9C-A9BA-4FA711A151BB}.Debug|Any CPU.ActiveCfg = Debug|Any CPU
		{383A0E55-8AB0-4A9C-A9BA-4FA711A151BB}.Debug|Any CPU.Build.0 = Debug|Any CPU
		{383A0E55-8AB0-4A9C-A9BA-4FA711A151BB}.Release|Any CPU.ActiveCfg = Release|Any CPU
		{383A0E55-8AB0-4A9C-A9BA-4FA711A151BB}.Release|Any CPU.Build.0 = Release|Any CPU
		{12309459-B785-4448-8FAA-DC10DC13F968}.Debug|Any CPU.ActiveCfg = Debug|Any CPU
		{12309459-B785-4448-8FAA-DC10DC13F968}.Debug|Any CPU.Build.0 = Debug|Any CPU
		{12309459-B785-4448-8FAA-DC10DC13F968}.Release|Any CPU.ActiveCfg = Release|Any CPU
		{12309459-B785-4448-8FAA-DC10DC13F968}.Release|Any CPU.Build.0 = Release|Any CPU
		{34E9FE20-3802-43A8-9408-9373832F0877}.Debug|Any CPU.ActiveCfg = Debug|Any CPU
		{34E9FE20-3802-43A8-9408-9373832F0877}.Debug|Any CPU.Build.0 = Debug|Any CPU
		{34E9FE20-3802-43A8-9408-9373832F0877}.Release|Any CPU.ActiveCfg = Release|Any CPU
		{34E9FE20-3802-43A8-9408-9373832F0877}.Release|Any CPU.Build.0 = Release|Any CPU
		{763D197C-4AB9-4CAB-9D2B-0529F76E92AA}.Debug|Any CPU.ActiveCfg = Debug|Any CPU
		{763D197C-4AB9-4CAB-9D2B-0529F76E92AA}.Debug|Any CPU.Build.0 = Debug|Any CPU
		{763D197C-4AB9-4CAB-9D2B-0529F76E92AA}.Release|Any CPU.ActiveCfg = Release|Any CPU
		{763D197C-4AB9-4CAB-9D2B-0529F76E92AA}.Release|Any CPU.Build.0 = Release|Any CPU
		{4B6B9925-4589-4509-85C1-C1334CADE04B}.Debug|Any CPU.ActiveCfg = Debug|Any CPU
		{4B6B9925-4589-4509-85C1-C1334CADE04B}.Debug|Any CPU.Build.0 = Debug|Any CPU
		{4B6B9925-4589-4509-85C1-C1334CADE04B}.Release|Any CPU.ActiveCfg = Release|Any CPU
		{4B6B9925-4589-4509-85C1-C1334CADE04B}.Release|Any CPU.Build.0 = Release|Any CPU
		{482E59E8-7FB9-4232-AD80-0B5A75D9A646}.Debug|Any CPU.ActiveCfg = Debug|Any CPU
		{482E59E8-7FB9-4232-AD80-0B5A75D9A646}.Debug|Any CPU.Build.0 = Debug|Any CPU
		{482E59E8-7FB9-4232-AD80-0B5A75D9A646}.Release|Any CPU.ActiveCfg = Release|Any CPU
		{482E59E8-7FB9-4232-AD80-0B5A75D9A646}.Release|Any CPU.Build.0 = Release|Any CPU
		{86EE9CD9-A5D7-40BB-A2E0-FE19D481F216}.Debug|Any CPU.ActiveCfg = Debug|Any CPU
		{86EE9CD9-A5D7-40BB-A2E0-FE19D481F216}.Debug|Any CPU.Build.0 = Debug|Any CPU
		{86EE9CD9-A5D7-40BB-A2E0-FE19D481F216}.Release|Any CPU.ActiveCfg = Release|Any CPU
		{86EE9CD9-A5D7-40BB-A2E0-FE19D481F216}.Release|Any CPU.Build.0 = Release|Any CPU
		{11C68648-EA8E-4254-BDD9-D74DE4ADAB29}.Debug|Any CPU.ActiveCfg = Debug|Any CPU
		{11C68648-EA8E-4254-BDD9-D74DE4ADAB29}.Debug|Any CPU.Build.0 = Debug|Any CPU
		{11C68648-EA8E-4254-BDD9-D74DE4ADAB29}.Release|Any CPU.ActiveCfg = Release|Any CPU
		{11C68648-EA8E-4254-BDD9-D74DE4ADAB29}.Release|Any CPU.Build.0 = Release|Any CPU
		{B8303219-42C3-4B35-AFD9-89525005BAEA}.Debug|Any CPU.ActiveCfg = Debug|Any CPU
		{B8303219-42C3-4B35-AFD9-89525005BAEA}.Debug|Any CPU.Build.0 = Debug|Any CPU
		{B8303219-42C3-4B35-AFD9-89525005BAEA}.Release|Any CPU.ActiveCfg = Release|Any CPU
		{B8303219-42C3-4B35-AFD9-89525005BAEA}.Release|Any CPU.Build.0 = Release|Any CPU
		{5C3C0A07-6B53-4454-AFCD-9C21ED06FB7A}.Debug|Any CPU.ActiveCfg = Debug|Any CPU
		{5C3C0A07-6B53-4454-AFCD-9C21ED06FB7A}.Debug|Any CPU.Build.0 = Debug|Any CPU
		{5C3C0A07-6B53-4454-AFCD-9C21ED06FB7A}.Release|Any CPU.ActiveCfg = Release|Any CPU
		{5C3C0A07-6B53-4454-AFCD-9C21ED06FB7A}.Release|Any CPU.Build.0 = Release|Any CPU
		{F3C59735-86F4-41C8-B83E-D8B4037BA019}.Debug|Any CPU.ActiveCfg = Debug|Any CPU
		{F3C59735-86F4-41C8-B83E-D8B4037BA019}.Debug|Any CPU.Build.0 = Debug|Any CPU
		{F3C59735-86F4-41C8-B83E-D8B4037BA019}.Release|Any CPU.ActiveCfg = Release|Any CPU
		{F3C59735-86F4-41C8-B83E-D8B4037BA019}.Release|Any CPU.Build.0 = Release|Any CPU
		{AF457C83-1DA6-4ECB-B867-E3E683A65EE7}.Debug|Any CPU.ActiveCfg = Debug|Any CPU
		{AF457C83-1DA6-4ECB-B867-E3E683A65EE7}.Debug|Any CPU.Build.0 = Debug|Any CPU
		{AF457C83-1DA6-4ECB-B867-E3E683A65EE7}.Release|Any CPU.ActiveCfg = Release|Any CPU
		{AF457C83-1DA6-4ECB-B867-E3E683A65EE7}.Release|Any CPU.Build.0 = Release|Any CPU
		{99BEE239-30CB-47DD-9C94-DC893CAB533C}.Debug|Any CPU.ActiveCfg = Debug|Any CPU
		{99BEE239-30CB-47DD-9C94-DC893CAB533C}.Debug|Any CPU.Build.0 = Debug|Any CPU
		{99BEE239-30CB-47DD-9C94-DC893CAB533C}.Release|Any CPU.ActiveCfg = Release|Any CPU
		{99BEE239-30CB-47DD-9C94-DC893CAB533C}.Release|Any CPU.Build.0 = Release|Any CPU
	EndGlobalSection
	GlobalSection(SolutionProperties) = preSolution
		HideSolutionNode = FALSE
	EndGlobalSection
	GlobalSection(NestedProjects) = preSolution
		{BF24B302-A74C-4557-BDC3-3FDAAA2F647C} = {AFC4845D-6F94-4816-BB27-AF5F05D94918}
		{50D40574-25C2-45F7-9720-087C02976174} = {AFC4845D-6F94-4816-BB27-AF5F05D94918}
		{47FC0719-8163-4A7F-815B-230EA0955CBC} = {AFC4845D-6F94-4816-BB27-AF5F05D94918}
		{638E041D-F65F-47A3-B138-BD8FEE5549B8} = {E6EE1B07-D154-4216-BA26-3F79CAF15A28}
		{9F976473-A1EB-4FA8-9F36-E33CAAF8D55A} = {E6EE1B07-D154-4216-BA26-3F79CAF15A28}
		{383A0E55-8AB0-4A9C-A9BA-4FA711A151BB} = {E6EE1B07-D154-4216-BA26-3F79CAF15A28}
		{12309459-B785-4448-8FAA-DC10DC13F968} = {61C59544-A237-4AFB-A4C6-550EA83D1E75}
		{34E9FE20-3802-43A8-9408-9373832F0877} = {61C59544-A237-4AFB-A4C6-550EA83D1E75}
		{763D197C-4AB9-4CAB-9D2B-0529F76E92AA} = {61C59544-A237-4AFB-A4C6-550EA83D1E75}
		{4B6B9925-4589-4509-85C1-C1334CADE04B} = {227A6CB3-7054-42C9-8C10-72855C6AC4DC}
		{482E59E8-7FB9-4232-AD80-0B5A75D9A646} = {227A6CB3-7054-42C9-8C10-72855C6AC4DC}
		{86EE9CD9-A5D7-40BB-A2E0-FE19D481F216} = {227A6CB3-7054-42C9-8C10-72855C6AC4DC}
		{11C68648-EA8E-4254-BDD9-D74DE4ADAB29} = {47BAC451-13F5-4438-BA96-DB9B94219E72}
		{B8303219-42C3-4B35-AFD9-89525005BAEA} = {47BAC451-13F5-4438-BA96-DB9B94219E72}
		{5C3C0A07-6B53-4454-AFCD-9C21ED06FB7A} = {47BAC451-13F5-4438-BA96-DB9B94219E72}
		{F3C59735-86F4-41C8-B83E-D8B4037BA019} = {BECF3AD7-C7AF-40F8-A7BC-066900581F96}
		{AF457C83-1DA6-4ECB-B867-E3E683A65EE7} = {BECF3AD7-C7AF-40F8-A7BC-066900581F96}
		{99BEE239-30CB-47DD-9C94-DC893CAB533C} = {BECF3AD7-C7AF-40F8-A7BC-066900581F96}
	EndGlobalSection
	GlobalSection(ExtensibilityGlobals) = postSolution
		SolutionGuid = {C638CDC9-9024-4148-B678-9F279958213F}
	EndGlobalSection
EndGlobal
